
Microsoft Visual Studio Solution File, Format Version 12.00
# Visual Studio Version 17
VisualStudioVersion = 17.9.34723.18
MinimumVisualStudioVersion = 10.0.40219.1
Project("{FAE04EC0-301F-11D3-BF4B-00C04F79EFBC}") = "webproj1", "webproj1.csproj", "{7FC04A1F-F26E-41D0-81FF-94082C912F7A}"
EndProject
Global
	GlobalSection(SolutionConfigurationPlatforms) = preSolution
		Debug|Any CPU = Debug|Any CPU
		Release|Any CPU = Release|Any CPU
	EndGlobalSection
	GlobalSection(ProjectConfigurationPlatforms) = postSolution
		{7FC04A1F-F26E-41D0-81FF-94082C912F7A}.Debug|Any CPU.ActiveCfg = Debug|Any CPU
		{7FC04A1F-F26E-41D0-81FF-94082C912F7A}.Debug|Any CPU.Build.0 = Debug|Any CPU
		{7FC04A1F-F26E-41D0-81FF-94082C912F7A}.Release|Any CPU.ActiveCfg = Release|Any CPU
		{7FC04A1F-F26E-41D0-81FF-94082C912F7A}.Release|Any CPU.Build.0 = Release|Any CPU
	EndGlobalSection
	GlobalSection(SolutionProperties) = preSolution
		HideSolutionNode = FALSE
	EndGlobalSection
	GlobalSection(ExtensibilityGlobals) = postSolution
		SolutionGuid = {02D89E83-A322-4E6D-A3C1-EF30AAAEABF1}
	EndGlobalSection
EndGlobal
